dependencies:
- name: config-server
  repository: file://./charts/config-server
  version: 0.1.0
- name: discovery-server
  repository: file://./charts/discovery-server
  version: 0.1.0
- name: customers-service
  repository: file://./charts/customers-service
  version: 0.1.0
- name: api-gateway
  repository: file://./charts/api-gateway
  version: 0.1.0
- name: vets-service
  repository: file://./charts/vets-service
  version: 0.1.0
- name: visits-service
  repository: file://./charts/visits-service
  version: 0.1.0
- name: admin-server
  repository: file://./charts/admin-server
  version: 0.1.0
- name: genai-service
  repository: file://./charts/genai-service
  version: 0.1.0
digest: sha256:034f0e3c3b0defe4cf146cb97e2d14a91c5139cce25f8e5a17a259231eb266b4
generated: "2025-04-18T19:42:41.4677846+07:00"
