dependencies:
- name: config-server
  repository: file://./charts/config-server
  version: 0.1.0
- name: discovery-server
  repository: file://./charts/discovery-server
  version: 0.1.0
- name: customers-service
  repository: file://./charts/customers-service
  version: 0.1.0
- name: api-gateway
  repository: file://./charts/api-gateway
  version: 0.1.0
- name: vets-service
  repository: file://./charts/vets-service
  version: 0.1.0
- name: visits-service
  repository: file://./charts/visits-service
  version: 0.1.0
digest: sha256:d2199c22d651c2ea86beed97d66c6aa3bfafc8992f37cbbfd36de430de2cb41c
generated: "2025-04-18T03:37:26.0940192+07:00"
